<?xml version="1.0" encoding="utf-8"?>
<Project ToolsVersion="4.0" xmlns="http://schemas.microsoft.com/developer/msbuild/2003">
  <ItemGroup>
    <ClCompile Include="Component.cpp">
      <Filter>Components\Source Files</Filter>
    </ClCompile>
    <ClCompile Include="GraffitiComponent.cpp">
      <Filter>Components\Source Files</Filter>
    </ClCompile>
    <ClCompile Include="FlyingObstacleComponent.cpp">
      <Filter>Components\Source Files</Filter>
    </ClCompile>
    <ClCompile Include="UIObject.cpp">
      <Filter>Objects\Source Files</Filter>
    </ClCompile>
    <ClCompile Include="GameObject.cpp">
      <Filter>Objects\Source Files</Filter>
    </ClCompile>
    <ClCompile Include="UIComponent.cpp">
      <Filter>Components\Source Files</Filter>
    </ClCompile>
    <ClCompile Include="ControlComponent.cpp">
      <Filter>Components\Source Files</Filter>
    </ClCompile>
    <ClCompile Include="Object.cpp">
      <Filter>Objects\Source Files</Filter>
    </ClCompile>
    <ClCompile Include="TransformComponent.cpp">
      <Filter>Components\Source Files</Filter>
    </ClCompile>
    <ClCompile Include="CameraComponent.cpp">
      <Filter>Components\Source Files</Filter>
    </ClCompile>
    <ClCompile Include="LightComponent.cpp">
      <Filter>Components\Source Files</Filter>
    </ClCompile>
    <ClCompile Include="MaterialComponent.cpp">
      <Filter>Components\Source Files</Filter>
    </ClCompile>
    <ClCompile Include="MeshComponent.cpp">
      <Filter>Components\Source Files</Filter>
    </ClCompile>
    <ClCompile Include="MeshRenderer.cpp">
      <Filter>Components\Source Files</Filter>
    </ClCompile>
  </ItemGroup>
  <ItemGroup>
    <ClInclude Include="Component.h">
      <Filter>Components\Header Files</Filter>
    </ClInclude>
    <ClInclude Include="GameObject.h">
      <Filter>Objects\Header Files</Filter>
    </ClInclude>
    <ClInclude Include="Object.h">
      <Filter>Objects\Header Files</Filter>
    </ClInclude>
    <ClInclude Include="GraffitiComponent.h">
      <Filter>Components\Header Files</Filter>
    </ClInclude>
    <ClInclude Include="Object.h">
      <Filter>Objects\Header Files</Filter>
    </ClInclude>
    <ClInclude Include="UISliderComponent.h">
      <Filter>Components\Header Files</Filter>
    </ClInclude>
    <ClInclude Include="SoundUI.h">
      <Filter>Objects\Header Files</Filter>
    </ClInclude>
    <ClInclude Include="Telegraph.h">
      <Filter>Objects\Header Files</Filter>
    </ClInclude>
    <ClInclude Include="UIObject.h">
      <Filter>Objects\Header Files</Filter>
    </ClInclude>
    <ClInclude Include="DropObstacle.h">
      <Filter>Objects\Header Files</Filter>
    </ClInclude>
    <ClInclude Include="FlyingObstacleComponent.h">
      <Filter>Components\Header Files</Filter>
    </ClInclude>
    <ClInclude Include="CoreTypes.h" />
    <ClInclude Include="RunPlayerController.h">
      <Filter>Components\Header Files</Filter>
    </ClInclude>
    <ClInclude Include="UIComponent.h">
      <Filter>Components\Header Files</Filter>
    </ClInclude>
    <ClInclude Include="TransformComponent.h">
      <Filter>Components\Header Files</Filter>
    </ClInclude>
    <ClInclude Include="CameraComponent.h">
      <Filter>Components\Header Files</Filter>
    </ClInclude>
    <ClInclude Include="LightComponent.h">
      <Filter>Components\Header Files</Filter>
    </ClInclude>
    <ClInclude Include="MaterialComponent.h">
      <Filter>Components\Header Files</Filter>
    </ClInclude>
    <ClInclude Include="MeshComponent.h">
      <Filter>Components\Header Files</Filter>
    </ClInclude>
    <ClInclude Include="MeshRenderer.h">
      <Filter>Components\Header Files</Filter>
    </ClInclude>
  </ItemGroup>
  <ItemGroup>
    <Filter Include="Components">
      <UniqueIdentifier>{52d4bb5d-f8cb-4636-98f0-0862c24516da}</UniqueIdentifier>
    </Filter>
    <Filter Include="Components\Header Files">
      <UniqueIdentifier>{ad8dc0c8-27c0-4262-8902-68dfeac53f6e}</UniqueIdentifier>
    </Filter>
    <Filter Include="Components\Source Files">
      <UniqueIdentifier>{8e2edd01-4c5b-4c65-9cde-083e98d3cdb3}</UniqueIdentifier>
    </Filter>
    <Filter Include="Objects">
      <UniqueIdentifier>{556b89d4-05ce-4ab7-b3fe-e4ddf6ff7a23}</UniqueIdentifier>
    </Filter>
    <Filter Include="Objects\Header Files">
      <UniqueIdentifier>{994a7901-b27b-4ac5-bdd1-26e8669ec0aa}</UniqueIdentifier>
    </Filter>
    <Filter Include="Objects\Source Files">
      <UniqueIdentifier>{5b944315-1acd-4d83-8799-110f9d0f50de}</UniqueIdentifier>
    </Filter>
  </ItemGroup>
</Project>